
Microsoft Visual Studio Solution File, Format Version 12.00
# Visual Studio Version 16
VisualStudioVersion = 16.0.30104.148
MinimumVisualStudioVersion = 10.0.40219.1
Project("{FAE04EC0-301F-11D3-BF4B-00C04F79EFBC}") = "SchuhS_VB2018", "SchuhS_VB2018\SchuhS_VB2018.csproj", "{C7B736AC-3DE7-413C-9690-A6C841C8E95C}"
EndProject
Global
	GlobalSection(SolutionConfigurationPlatforms) = preSolution
		Debug|Any CPU = Debug|Any CPU
		Release|Any CPU = Release|Any CPU
	EndGlobalSection
	GlobalSection(ProjectConfigurationPlatforms) = postSolution
		{C7B736AC-3DE7-413C-9690-A6C841C8E95C}.Debug|Any CPU.ActiveCfg = Debug|Any CPU
		{C7B736AC-3DE7-413C-9690-A6C841C8E95C}.Debug|Any CPU.Build.0 = Debug|Any CPU
		{C7B736AC-3DE7-413C-9690-A6C841C8E95C}.Release|Any CPU.ActiveCfg = Release|Any CPU
		{C7B736AC-3DE7-413C-9690-A6C841C8E95C}.Release|Any CPU.Build.0 = Release|Any CPU
	EndGlobalSection
	GlobalSection(SolutionProperties) = preSolution
		HideSolutionNode = FALSE
	EndGlobalSection
	GlobalSection(ExtensibilityGlobals) = postSolution
		SolutionGuid = {5830A9D2-54CB-4588-8AA1-ACDC855927E3}
	EndGlobalSection
EndGlobal
